
Microsoft Visual Studio Solution File, Format Version 12.00
# Visual Studio Version 17
VisualStudioVersion = 17.13.35818.85 d17.13
MinimumVisualStudioVersion = 10.0.40219.1
Project("{FAE04EC0-301F-11D3-BF4B-00C04F79EFBC}") = "APNOrderProcessing", "APNOrderProcessing\APNOrderProcessing.csproj", "{CCBAC171-1F79-48B7-82B8-5C807DB1A14C}"
EndProject
Global
	GlobalSection(SolutionConfigurationPlatforms) = preSolution
		Debug|Any CPU = Debug|Any CPU
		Release|Any CPU = Release|Any CPU
	EndGlobalSection
	GlobalSection(ProjectConfigurationPlatforms) = postSolution
		{CCBAC171-1F79-48B7-82B8-5C807DB1A14C}.Debug|Any CPU.ActiveCfg = Debug|Any CPU
		{CCBAC171-1F79-48B7-82B8-5C807DB1A14C}.Debug|Any CPU.Build.0 = Debug|Any CPU
		{CCBAC171-1F79-48B7-82B8-5C807DB1A14C}.Release|Any CPU.ActiveCfg = Release|Any CPU
		{CCBAC171-1F79-48B7-82B8-5C807DB1A14C}.Release|Any CPU.Build.0 = Release|Any CPU
	EndGlobalSection
	GlobalSection(SolutionProperties) = preSolution
		HideSolutionNode = FALSE
	EndGlobalSection
	GlobalSection(ExtensibilityGlobals) = postSolution
		SolutionGuid = {6ECE4855-328B-498E-8675-2AB20F95ED33}
	EndGlobalSection
EndGlobal
